Microsoft Visual Studio Solution File, Format Version 12.00
# Visual Studio Version 17
VisualStudioVersion = 17.5.2.0
MinimumVisualStudioVersion = 10.0.40219.1
Project("{FAE04EC0-301F-11D3-BF4B-00C04F79EFBC}") = "ExploreHKMOApi", "ExploreHKMOApi.csproj", "{8F5AAAB6-81E0-50D1-618A-65879A3E85FE}"
EndProject
Global
	GlobalSection(SolutionConfigurationPlatforms) = preSolution
		Debug|Any CPU = Debug|Any CPU
		Release|Any CPU = Release|Any CPU
	EndGlobalSection
	GlobalSection(ProjectConfigurationPlatforms) = postSolution
		{8F5AAAB6-81E0-50D1-618A-65879A3E85FE}.Debug|Any CPU.ActiveCfg = Debug|Any CPU
		{8F5AAAB6-81E0-50D1-618A-65879A3E85FE}.Debug|Any CPU.Build.0 = Debug|Any CPU
		{8F5AAAB6-81E0-50D1-618A-65879A3E85FE}.Release|Any CPU.ActiveCfg = Release|Any CPU
		{8F5AAAB6-81E0-50D1-618A-65879A3E85FE}.Release|Any CPU.Build.0 = Release|Any CPU
	EndGlobalSection
	GlobalSection(SolutionProperties) = preSolution
		HideSolutionNode = FALSE
	EndGlobalSection
	GlobalSection(ExtensibilityGlobals) = postSolution
		SolutionGuid = {C4B676F1-C8B4-4C8C-9227-BE9F91E7CD85}
	EndGlobalSection
EndGlobal
